# name|url|sha256|filename
linux-1.0.0|https://cdn.kernel.org/pub/linux/kernel/v1.0/linux-1.0.tar.gz|014cc3ea69a3db6a483eb743e3140e0e45a4a8c168c59f8c3b090cd72ab01802|linux-1.0.tar.gz
lilo-20|https://www.joonet.de/sources/lilo/oldsrc/lilo-20.tar.gz|d9c2acf8b4c5842835a62b57b3260a46ba0939355f1f3729b8d07d9b2bb4dc73|lilo-20.tar.gz
