# This file is automatically @generated by Cargo.
# It is not intended for manual editing.
version = 4

[[package]]
name = "qos-boot"
version = "0.1.0"

[[package]]
name = "qos-kernel"
version = "0.1.0"
dependencies = [
 "qos-boot",
]

[[package]]
name = "qos-libc"
version = "0.1.0"

[[package]]
name = "qos-userspace"
version = "0.1.0"
dependencies = [
 "qos-boot",
 "qos-kernel",
]
